
Microsoft Visual Studio Solution File, Format Version 12.00
# Visual Studio Version 16
VisualStudioVersion = 16.0.31702.278
MinimumVisualStudioVersion = 10.0.40219.1
Project("{FAE04EC0-301F-11D3-BF4B-00C04F79EFBC}") = "Kkiosk", "Kkiosk.csproj", "{2D966F98-B3EC-4085-BD0C-937D4943E2C1}"
EndProject
Global
	GlobalSection(SolutionConfigurationPlatforms) = preSolution
		Debug|Any CPU = Debug|Any CPU
		Debug|x64 = Debug|x64
		Release|Any CPU = Release|Any CPU
		Release|x64 = Release|x64
	EndGlobalSection
	GlobalSection(ProjectConfigurationPlatforms) = postSolution
		{2D966F98-B3EC-4085-BD0C-937D4943E2C1}.Debug|Any CPU.ActiveCfg = Debug|Any CPU
		{2D966F98-B3EC-4085-BD0C-937D4943E2C1}.Debug|Any CPU.Build.0 = Debug|Any CPU
		{2D966F98-B3EC-4085-BD0C-937D4943E2C1}.Debug|x64.ActiveCfg = Debug|x64
		{2D966F98-B3EC-4085-BD0C-937D4943E2C1}.Debug|x64.Build.0 = Debug|x64
		{2D966F98-B3EC-4085-BD0C-937D4943E2C1}.Release|Any CPU.ActiveCfg = Release|Any CPU
		{2D966F98-B3EC-4085-BD0C-937D4943E2C1}.Release|Any CPU.Build.0 = Release|Any CPU
		{2D966F98-B3EC-4085-BD0C-937D4943E2C1}.Release|x64.ActiveCfg = Release|x64
		{2D966F98-B3EC-4085-BD0C-937D4943E2C1}.Release|x64.Build.0 = Release|x64
	EndGlobalSection
	GlobalSection(SolutionProperties) = preSolution
		HideSolutionNode = FALSE
	EndGlobalSection
	GlobalSection(ExtensibilityGlobals) = postSolution
		SolutionGuid = {6376B488-1BF5-4A8A-BA3A-EE02906CBD97}
	EndGlobalSection
EndGlobal
